[[package]]
name = "bottle"
version = "0.12.23"
description = "Fast and simple WSGI-framework for small web-applications."
category = "main"
optional = false
python-versions = "*"

[[package]]
name = "tk"
version = "0.1.0"
description = "TensorKit is a deep learning helper between Python and C++."
category = "main"
optional = false
python-versions = "*"

[metadata]
lock-version = "1.1"
python-versions = "^3.10"
content-hash = "3cdb9cafebf83dfc4a5891569825638dbfb670c339b8dd856453221383c851ea"

[metadata.files]
bottle = [
    {file = "bottle-0.12.23-py3-none-any.whl", hash = "sha256:9f1c363257c590bd34db5fad4693a7f06ff4217e9ad18337451de69c25137127"},
    {file = "bottle-0.12.23.tar.gz", hash = "sha256:683de3aa399fb26e87b274dbcf70b1a651385d459131716387abdc3792e04167"},
]
tk = [
    {file = "tk-0.1.0-py3-none-any.whl", hash = "sha256:703a69ff0d5ba2bd2f7440582ad10160e4a6561595d33457dc6caa79b9bf4930"},
    {file = "tk-0.1.0.tar.gz", hash = "sha256:60bc8923d5d35f67f5c6bd93d4f0c49d2048114ec077768f959aef36d4ed97f8"},
]
